
Microsoft Visual Studio Solution File, Format Version 12.00
# Visual Studio 15
VisualStudioVersion = 15.0.26430.6
MinimumVisualStudioVersion = 10.0.40219.1
Project("{FAE04EC0-301F-11D3-BF4B-00C04F79EFBC}") = "SimpleCosturaExample", "SimpleCosturaExample\SimpleCosturaExample.csproj", "{1EF796E8-9FA0-4591-AACB-C7EC913B0278}"
EndProject
Project("{FAE04EC0-301F-11D3-BF4B-00C04F79EFBC}") = "LibB", "LibB\LibB.csproj", "{B49B0465-5A8B-4ED6-BF6C-F8A5B1406D85}"
EndProject
Project("{FAE04EC0-301F-11D3-BF4B-00C04F79EFBC}") = "LibC", "LibC\LibC.csproj", "{20D67A56-0B2F-40C2-8F56-42E06BF5F75E}"
EndProject
Global
	GlobalSection(SolutionConfigurationPlatforms) = preSolution
		Debug|Any CPU = Debug|Any CPU
		Release|Any CPU = Release|Any CPU
	EndGlobalSection
	GlobalSection(ProjectConfigurationPlatforms) = postSolution
		{1EF796E8-9FA0-4591-AACB-C7EC913B0278}.Debug|Any CPU.ActiveCfg = Debug|Any CPU
		{1EF796E8-9FA0-4591-AACB-C7EC913B0278}.Debug|Any CPU.Build.0 = Debug|Any CPU
		{1EF796E8-9FA0-4591-AACB-C7EC913B0278}.Release|Any CPU.ActiveCfg = Release|Any CPU
		{1EF796E8-9FA0-4591-AACB-C7EC913B0278}.Release|Any CPU.Build.0 = Release|Any CPU
		{B49B0465-5A8B-4ED6-BF6C-F8A5B1406D85}.Debug|Any CPU.ActiveCfg = Debug|Any CPU
		{B49B0465-5A8B-4ED6-BF6C-F8A5B1406D85}.Debug|Any CPU.Build.0 = Debug|Any CPU
		{B49B0465-5A8B-4ED6-BF6C-F8A5B1406D85}.Release|Any CPU.ActiveCfg = Release|Any CPU
		{B49B0465-5A8B-4ED6-BF6C-F8A5B1406D85}.Release|Any CPU.Build.0 = Release|Any CPU
		{20D67A56-0B2F-40C2-8F56-42E06BF5F75E}.Debug|Any CPU.ActiveCfg = Debug|Any CPU
		{20D67A56-0B2F-40C2-8F56-42E06BF5F75E}.Debug|Any CPU.Build.0 = Debug|Any CPU
		{20D67A56-0B2F-40C2-8F56-42E06BF5F75E}.Release|Any CPU.ActiveCfg = Release|Any CPU
		{20D67A56-0B2F-40C2-8F56-42E06BF5F75E}.Release|Any CPU.Build.0 = Release|Any CPU
	EndGlobalSection
	GlobalSection(SolutionProperties) = preSolution
		HideSolutionNode = FALSE
	EndGlobalSection
EndGlobal
